// !$*UTF8*$!
{
	archiveVersion = 1;
	classes = {
	};
	objectVersion = 50;
	objects = {

/* Begin PBXBuildFile section */
		DB1D089523D25C7B00532E80 /* TrackTableViewCell.swift in Sources */ = {isa = PBXBuildFile; fileRef = DB1D089423D25C7B00532E80 /* TrackTableViewCell.swift */; };
		DB1D089923D25CA600532E80 /* TrackListViewController.swift in Sources */ = {isa = PBXBuildFile; fileRef = DB1D089823D25CA600532E80 /* TrackListViewController.swift */; };
		DB1D089C23D25CCA00532E80 /* TrackListPresenter.swift in Sources */ = {isa = PBXBuildFile; fileRef = DB1D089B23D25CCA00532E80 /* TrackListPresenter.swift */; };
		DB1D089E23D25CD800532E80 /* TrackListDelegate.swift in Sources */ = {isa = PBXBuildFile; fileRef = DB1D089D23D25CD800532E80 /* TrackListDelegate.swift */; };
		DB1D08A023D2721C00532E80 /* UIColor+Extension.swift in Sources */ = {isa = PBXBuildFile; fileRef = DB1D089F23D2721C00532E80 /* UIColor+Extension.swift */; };
		DB1D08A223D27D0D00532E80 /* UIImageView+LoadFromServer.swift in Sources */ = {isa = PBXBuildFile; fileRef = DB1D08A123D27D0D00532E80 /* UIImageView+LoadFromServer.swift */; };
		DB1D08A423D2876300532E80 /* Utils.swift in Sources */ = {isa = PBXBuildFile; fileRef = DB1D08A323D2876300532E80 /* Utils.swift */; };
		DB1D08A623D2904E00532E80 /* TrackDetailViewController.swift in Sources */ = {isa = PBXBuildFile; fileRef = DB1D08A523D2904E00532E80 /* TrackDetailViewController.swift */; };
		DB3E092E23D20F0600400D6E /* AppDelegate.swift in Sources */ = {isa = PBXBuildFile; fileRef = DB3E092D23D20F0600400D6E /* AppDelegate.swift */; };
		DB3E093523D20F0600400D6E /* Main.storyboard in Resources */ = {isa = PBXBuildFile; fileRef = DB3E093323D20F0600400D6E /* Main.storyboard */; };
		DB3E093723D20F0800400D6E /* Assets.xcassets in Resources */ = {isa = PBXBuildFile; fileRef = DB3E093623D20F0800400D6E /* Assets.xcassets */; };
		DB3E093A23D20F0800400D6E /* LaunchScreen.storyboard in Resources */ = {isa = PBXBuildFile; fileRef = DB3E093823D20F0800400D6E /* LaunchScreen.storyboard */; };
		DB3E094323D2391100400D6E /* APIHandler.swift in Sources */ = {isa = PBXBuildFile; fileRef = DB3E094223D2391100400D6E /* APIHandler.swift */; };
		DB3E094523D2391F00400D6E /* APILoader.swift in Sources */ = {isa = PBXBuildFile; fileRef = DB3E094423D2391F00400D6E /* APILoader.swift */; };
		DB3E094723D2392F00400D6E /* BaseRequest.swift in Sources */ = {isa = PBXBuildFile; fileRef = DB3E094623D2392F00400D6E /* BaseRequest.swift */; };
		DB3E094923D2394400400D6E /* Reachability.swift in Sources */ = {isa = PBXBuildFile; fileRef = DB3E094823D2394400400D6E /* Reachability.swift */; };
		DB3E094B23D23AC900400D6E /* NetworkError.swift in Sources */ = {isa = PBXBuildFile; fileRef = DB3E094A23D23AC900400D6E /* NetworkError.swift */; };
		DB3E094E23D23CC600400D6E /* TrackAPI.swift in Sources */ = {isa = PBXBuildFile; fileRef = DB3E094D23D23CC600400D6E /* TrackAPI.swift */; };
		DB3E095123D23DA300400D6E /* AppConstants.swift in Sources */ = {isa = PBXBuildFile; fileRef = DB3E095023D23DA300400D6E /* AppConstants.swift */; };
		DB3E095423D24B4500400D6E /* ResponseModel.swift in Sources */ = {isa = PBXBuildFile; fileRef = DB3E095323D24B4500400D6E /* ResponseModel.swift */; };
		DB3E096B23D252B500400D6E /* TrackAPITests.swift in Sources */ = {isa = PBXBuildFile; fileRef = DB3E096A23D252B500400D6E /* TrackAPITests.swift */; };
/* End PBXBuildFile section */

/* Begin PBXContainerItemProxy section */
		DB3E096423D251CB00400D6E /* PBXContainerItemProxy */ = {
			isa = PBXContainerItemProxy;
			containerPortal = DB3E092223D20F0600400D6E /* Project object */;
			proxyType = 1;
			remoteGlobalIDString = DB3E092923D20F0600400D6E;
			remoteInfo = "Scottish Power Tech Test";
		};
/* End PBXContainerItemProxy section */

/* Begin PBXFileReference section */
		DB1D089423D25C7B00532E80 /* TrackTableViewCell.swift */ = {isa = PBXFileReference; lastKnownFileType = sourcecode.swift; path = TrackTableViewCell.swift; sourceTree = "<group>"; };
		DB1D089823D25CA600532E80 /* TrackListViewController.swift */ = {isa = PBXFileReference; lastKnownFileType = sourcecode.swift; path = TrackListViewController.swift; sourceTree = "<group>"; };
		DB1D089B23D25CCA00532E80 /* TrackListPresenter.swift */ = {isa = PBXFileReference; lastKnownFileType = sourcecode.swift; path = TrackListPresenter.swift; sourceTree = "<group>"; };
		DB1D089D23D25CD800532E80 /* TrackListDelegate.swift */ = {isa = PBXFileReference; lastKnownFileType = sourcecode.swift; path = TrackListDelegate.swift; sourceTree = "<group>"; };
		DB1D089F23D2721C00532E80 /* UIColor+Extension.swift */ = {isa = PBXFileReference; lastKnownFileType = sourcecode.swift; path = "UIColor+Extension.swift"; sourceTree = "<group>"; };
		DB1D08A123D27D0D00532E80 /* UIImageView+LoadFromServer.swift */ = {isa = PBXFileReference; lastKnownFileType = sourcecode.swift; path = "UIImageView+LoadFromServer.swift"; sourceTree = "<group>"; };
		DB1D08A323D2876300532E80 /* Utils.swift */ = {isa = PBXFileReference; lastKnownFileType = sourcecode.swift; path = Utils.swift; sourceTree = "<group>"; };
		DB1D08A523D2904E00532E80 /* TrackDetailViewController.swift */ = {isa = PBXFileReference; lastKnownFileType = sourcecode.swift; path = TrackDetailViewController.swift; sourceTree = "<group>"; };
		DB3E092A23D20F0600400D6E /* Scottish Power Tech Test.app */ = {isa = PBXFileReference; explicitFileType = wrapper.application; includeInIndex = 0; path = "Scottish Power Tech Test.app"; sourceTree = BUILT_PRODUCTS_DIR; };
		DB3E092D23D20F0600400D6E /* AppDelegate.swift */ = {isa = PBXFileReference; lastKnownFileType = sourcecode.swift; path = AppDelegate.swift; sourceTree = "<group>"; };
		DB3E093423D20F0600400D6E /* Base */ = {isa = PBXFileReference; lastKnownFileType = file.storyboard; name = Base; path = Base.lproj/Main.storyboard; sourceTree = "<group>"; };
		DB3E093623D20F0800400D6E /* Assets.xcassets */ = {isa = PBXFileReference; lastKnownFileType = folder.assetcatalog; path = Assets.xcassets; sourceTree = "<group>"; };
		DB3E093923D20F0800400D6E /* Base */ = {isa = PBXFileReference; lastKnownFileType = file.storyboard; name = Base; path = Base.lproj/LaunchScreen.storyboard; sourceTree = "<group>"; };
		DB3E093B23D20F0800400D6E /* Info.plist */ = {isa = PBXFileReference; lastKnownFileType = text.plist.xml; path = Info.plist; sourceTree = "<group>"; };
		DB3E094223D2391100400D6E /* APIHandler.swift */ = {isa = PBXFileReference; lastKnownFileType = sourcecode.swift; path = APIHandler.swift; sourceTree = "<group>"; };
		DB3E094423D2391F00400D6E /* APILoader.swift */ = {isa = PBXFileReference; lastKnownFileType = sourcecode.swift; path = APILoader.swift; sourceTree = "<group>"; };
		DB3E094623D2392F00400D6E /* BaseRequest.swift */ = {isa = PBXFileReference; lastKnownFileType = sourcecode.swift; path = BaseRequest.swift; sourceTree = "<group>"; };
		DB3E094823D2394400400D6E /* Reachability.swift */ = {isa = PBXFileReference; lastKnownFileType = sourcecode.swift; path = Reachability.swift; sourceTree = "<group>"; };
		DB3E094A23D23AC900400D6E /* NetworkError.swift */ = {isa = PBXFileReference; lastKnownFileType = sourcecode.swift; path = NetworkError.swift; sourceTree = "<group>"; };
		DB3E094D23D23CC600400D6E /* TrackAPI.swift */ = {isa = PBXFileReference; lastKnownFileType = sourcecode.swift; path = TrackAPI.swift; sourceTree = "<group>"; };
		DB3E095023D23DA300400D6E /* AppConstants.swift */ = {isa = PBXFileReference; lastKnownFileType = sourcecode.swift; path = AppConstants.swift; sourceTree = "<group>"; };
		DB3E095323D24B4500400D6E /* ResponseModel.swift */ = {isa = PBXFileReference; lastKnownFileType = sourcecode.swift; path = ResponseModel.swift; sourceTree = "<group>"; };
		DB3E095F23D251CB00400D6E /* Scottish Power Tech Test Unit Tests.xctest */ = {isa = PBXFileReference; explicitFileType = wrapper.cfbundle; includeInIndex = 0; path = "Scottish Power Tech Test Unit Tests.xctest"; sourceTree = BUILT_PRODUCTS_DIR; };
		DB3E096323D251CB00400D6E /* Info.plist */ = {isa = PBXFileReference; lastKnownFileType = text.plist.xml; path = Info.plist; sourceTree = "<group>"; };
		DB3E096A23D252B500400D6E /* TrackAPITests.swift */ = {isa = PBXFileReference; lastKnownFileType = sourcecode.swift; path = TrackAPITests.swift; sourceTree = "<group>"; };
/* End PBXFileReference section */

/* Begin PBXFrameworksBuildPhase section */
		DB3E092723D20F0600400D6E /* Frameworks */ = {
			isa = PBXFrameworksBuildPhase;
			buildActionMask = 2147483647;
			files = (
			);
			runOnlyForDeploymentPostprocessing = 0;
		};
		DB3E095C23D251CB00400D6E /* Frameworks */ = {
			isa = PBXFrameworksBuildPhase;
			buildActionMask = 2147483647;
			files = (
			);
			runOnlyForDeploymentPostprocessing = 0;
		};
/* End PBXFrameworksBuildPhase section */

/* Begin PBXGroup section */
		DB1D089623D25C7F00532E80 /* view */ = {
			isa = PBXGroup;
			children = (
				DB1D089423D25C7B00532E80 /* TrackTableViewCell.swift */,
			);
			path = view;
			sourceTree = "<group>";
		};
		DB1D089723D25C8C00532E80 /* controller */ = {
			isa = PBXGroup;
			children = (
				DB1D089823D25CA600532E80 /* TrackListViewController.swift */,
				DB1D08A523D2904E00532E80 /* TrackDetailViewController.swift */,
			);
			path = controller;
			sourceTree = "<group>";
		};
		DB1D089A23D25CBA00532E80 /* presenter */ = {
			isa = PBXGroup;
			children = (
				DB1D089B23D25CCA00532E80 /* TrackListPresenter.swift */,
				DB1D089D23D25CD800532E80 /* TrackListDelegate.swift */,
			);
			path = presenter;
			sourceTree = "<group>";
		};
		DB1D08A723D290F000532E80 /* resources */ = {
			isa = PBXGroup;
			children = (
				DB3E093623D20F0800400D6E /* Assets.xcassets */,
			);
			path = resources;
			sourceTree = "<group>";
		};
		DB1D08A823D290FE00532E80 /* storyboard */ = {
			isa = PBXGroup;
			children = (
				DB3E093323D20F0600400D6E /* Main.storyboard */,
				DB3E093823D20F0800400D6E /* LaunchScreen.storyboard */,
			);
			path = storyboard;
			sourceTree = "<group>";
		};
		DB3E092123D20F0600400D6E = {
			isa = PBXGroup;
			children = (
				DB3E092C23D20F0600400D6E /* Scottish Power Tech Test */,
				DB3E096023D251CB00400D6E /* Scottish Power Tech Test Unit Tests */,
				DB3E092B23D20F0600400D6E /* Products */,
				DB3E095823D2517B00400D6E /* Frameworks */,
			);
			sourceTree = "<group>";
		};
		DB3E092B23D20F0600400D6E /* Products */ = {
			isa = PBXGroup;
			children = (
				DB3E092A23D20F0600400D6E /* Scottish Power Tech Test.app */,
				DB3E095F23D251CB00400D6E /* Scottish Power Tech Test Unit Tests.xctest */,
			);
			name = Products;
			sourceTree = "<group>";
		};
		DB3E092C23D20F0600400D6E /* Scottish Power Tech Test */ = {
			isa = PBXGroup;
			children = (
				DB1D089A23D25CBA00532E80 /* presenter */,
				DB1D089723D25C8C00532E80 /* controller */,
				DB1D089623D25C7F00532E80 /* view */,
				DB3E095223D24B3400400D6E /* model */,
				DB3E094F23D23D8F00400D6E /* utils */,
				DB3E094C23D23B2B00400D6E /* common */,
				DB3E094123D238F800400D6E /* network */,
				DB1D08A823D290FE00532E80 /* storyboard */,
				DB3E092D23D20F0600400D6E /* AppDelegate.swift */,
				DB1D08A723D290F000532E80 /* resources */,
				DB3E093B23D20F0800400D6E /* Info.plist */,
			);
			path = "Scottish Power Tech Test";
			sourceTree = "<group>";
		};
		DB3E094123D238F800400D6E /* network */ = {
			isa = PBXGroup;
			children = (
				DB3E094223D2391100400D6E /* APIHandler.swift */,
				DB3E094423D2391F00400D6E /* APILoader.swift */,
				DB3E094623D2392F00400D6E /* BaseRequest.swift */,
				DB3E094A23D23AC900400D6E /* NetworkError.swift */,
				DB3E094D23D23CC600400D6E /* TrackAPI.swift */,
			);
			path = network;
			sourceTree = "<group>";
		};
		DB3E094C23D23B2B00400D6E /* common */ = {
			isa = PBXGroup;
			children = (
				DB3E094823D2394400400D6E /* Reachability.swift */,
				DB1D089F23D2721C00532E80 /* UIColor+Extension.swift */,
				DB1D08A123D27D0D00532E80 /* UIImageView+LoadFromServer.swift */,
			);
			path = common;
			sourceTree = "<group>";
		};
		DB3E094F23D23D8F00400D6E /* utils */ = {
			isa = PBXGroup;
			children = (
				DB3E095023D23DA300400D6E /* AppConstants.swift */,
				DB1D08A323D2876300532E80 /* Utils.swift */,
			);
			path = utils;
			sourceTree = "<group>";
		};
		DB3E095223D24B3400400D6E /* model */ = {
			isa = PBXGroup;
			children = (
				DB3E095323D24B4500400D6E /* ResponseModel.swift */,
			);
			path = model;
			sourceTree = "<group>";
		};
		DB3E095823D2517B00400D6E /* Frameworks */ = {
			isa = PBXGroup;
			children = (
			);
			name = Frameworks;
			sourceTree = "<group>";
		};
		DB3E096023D251CB00400D6E /* Scottish Power Tech Test Unit Tests */ = {
			isa = PBXGroup;
			children = (
				DB3E096323D251CB00400D6E /* Info.plist */,
				DB3E096A23D252B500400D6E /* TrackAPITests.swift */,
			);
			path = "Scottish Power Tech Test Unit Tests";
			sourceTree = "<group>";
		};
/* End PBXGroup section */

/* Begin PBXNativeTarget section */
		DB3E092923D20F0600400D6E /* Scottish Power Tech Test */ = {
			isa = PBXNativeTarget;
			buildConfigurationList = DB3E093E23D20F0800400D6E /* Build configuration list for PBXNativeTarget "Scottish Power Tech Test" */;
			buildPhases = (
				DB3E092623D20F0600400D6E /* Sources */,
				DB3E092723D20F0600400D6E /* Frameworks */,
				DB3E092823D20F0600400D6E /* Resources */,
			);
			buildRules = (
			);
			dependencies = (
			);
			name = "Scottish Power Tech Test";
			productName = "Scottish Power Tech Test";
			productReference = DB3E092A23D20F0600400D6E /* Scottish Power Tech Test.app */;
			productType = "com.apple.product-type.application";
		};
		DB3E095E23D251CB00400D6E /* Scottish Power Tech Test Unit Tests */ = {
			isa = PBXNativeTarget;
			buildConfigurationList = DB3E096623D251CB00400D6E /* Build configuration list for PBXNativeTarget "Scottish Power Tech Test Unit Tests" */;
			buildPhases = (
				DB3E095B23D251CB00400D6E /* Sources */,
				DB3E095C23D251CB00400D6E /* Frameworks */,
				DB3E095D23D251CB00400D6E /* Resources */,
			);
			buildRules = (
			);
			dependencies = (
				DB3E096523D251CB00400D6E /* PBXTargetDependency */,
			);
			name = "Scottish Power Tech Test Unit Tests";
			productName = "Scottish Power Tech Test Unit Tests";
			productReference = DB3E095F23D251CB00400D6E /* Scottish Power Tech Test Unit Tests.xctest */;
			productType = "com.apple.product-type.bundle.unit-test";
		};
/* End PBXNativeTarget section */

/* Begin PBXProject section */
		DB3E092223D20F0600400D6E /* Project object */ = {
			isa = PBXProject;
			attributes = {
				LastSwiftUpdateCheck = 1130;
				LastUpgradeCheck = 1130;
				ORGANIZATIONNAME = "Alan Filipe Cardozo Fabeni";
				TargetAttributes = {
					DB3E092923D20F0600400D6E = {
						CreatedOnToolsVersion = 11.3.1;
					};
					DB3E095E23D251CB00400D6E = {
						CreatedOnToolsVersion = 11.3.1;
						TestTargetID = DB3E092923D20F0600400D6E;
					};
				};
			};
			buildConfigurationList = DB3E092523D20F0600400D6E /* Build configuration list for PBXProject "Scottish Power Tech Test" */;
			compatibilityVersion = "Xcode 9.3";
			developmentRegion = en;
			hasScannedForEncodings = 0;
			knownRegions = (
				en,
				Base,
			);
			mainGroup = DB3E092123D20F0600400D6E;
			productRefGroup = DB3E092B23D20F0600400D6E /* Products */;
			projectDirPath = "";
			projectRoot = "";
			targets = (
				DB3E092923D20F0600400D6E /* Scottish Power Tech Test */,
				DB3E095E23D251CB00400D6E /* Scottish Power Tech Test Unit Tests */,
			);
		};
/* End PBXProject section */

/* Begin PBXResourcesBuildPhase section */
		DB3E092823D20F0600400D6E /* Resources */ = {
			isa = PBXResourcesBuildPhase;
			buildActionMask = 2147483647;
			files = (
				DB3E093A23D20F0800400D6E /* LaunchScreen.storyboard in Resources */,
				DB3E093723D20F0800400D6E /* Assets.xcassets in Resources */,
				DB3E093523D20F0600400D6E /* Main.storyboard in Resources */,
			);
			runOnlyForDeploymentPostprocessing = 0;
		};
		DB3E095D23D251CB00400D6E /* Resources */ = {
			isa = PBXResourcesBuildPhase;
			buildActionMask = 2147483647;
			files = (
			);
			runOnlyForDeploymentPostprocessing = 0;
		};
/* End PBXResourcesBuildPhase section */

/* Begin PBXSourcesBuildPhase section */
		DB3E092623D20F0600400D6E /* Sources */ = {
			isa = PBXSourcesBuildPhase;
			buildActionMask = 2147483647;
			files = (
				DB3E094E23D23CC600400D6E /* TrackAPI.swift in Sources */,
				DB1D089C23D25CCA00532E80 /* TrackListPresenter.swift in Sources */,
				DB3E095123D23DA300400D6E /* AppConstants.swift in Sources */,
				DB3E094723D2392F00400D6E /* BaseRequest.swift in Sources */,
				DB3E094B23D23AC900400D6E /* NetworkError.swift in Sources */,
				DB3E094323D2391100400D6E /* APIHandler.swift in Sources */,
				DB3E094923D2394400400D6E /* Reachability.swift in Sources */,
				DB1D08A423D2876300532E80 /* Utils.swift in Sources */,
				DB1D08A623D2904E00532E80 /* TrackDetailViewController.swift in Sources */,
				DB1D08A023D2721C00532E80 /* UIColor+Extension.swift in Sources */,
				DB3E092E23D20F0600400D6E /* AppDelegate.swift in Sources */,
				DB1D089923D25CA600532E80 /* TrackListViewController.swift in Sources */,
				DB1D08A223D27D0D00532E80 /* UIImageView+LoadFromServer.swift in Sources */,
				DB1D089E23D25CD800532E80 /* TrackListDelegate.swift in Sources */,
				DB3E095423D24B4500400D6E /* ResponseModel.swift in Sources */,
				DB3E094523D2391F00400D6E /* APILoader.swift in Sources */,
				DB1D089523D25C7B00532E80 /* TrackTableViewCell.swift in Sources */,
			);
			runOnlyForDeploymentPostprocessing = 0;
		};
		DB3E095B23D251CB00400D6E /* Sources */ = {
			isa = PBXSourcesBuildPhase;
			buildActionMask = 2147483647;
			files = (
				DB3E096B23D252B500400D6E /* TrackAPITests.swift in Sources */,
			);
			runOnlyForDeploymentPostprocessing = 0;
		};
/* End PBXSourcesBuildPhase section */

/* Begin PBXTargetDependency section */
		DB3E096523D251CB00400D6E /* PBXTargetDependency */ = {
			isa = PBXTargetDependency;
			target = DB3E092923D20F0600400D6E /* Scottish Power Tech Test */;
			targetProxy = DB3E096423D251CB00400D6E /* PBXContainerItemProxy */;
		};
/* End PBXTargetDependency section */

/* Begin PBXVariantGroup section */
		DB3E093323D20F0600400D6E /* Main.storyboard */ = {
			isa = PBXVariantGroup;
			children = (
				DB3E093423D20F0600400D6E /* Base */,
			);
			name = Main.storyboard;
			sourceTree = "<group>";
		};
		DB3E093823D20F0800400D6E /* LaunchScreen.storyboard */ = {
			isa = PBXVariantGroup;
			children = (
				DB3E093923D20F0800400D6E /* Base */,
			);
			name = LaunchScreen.storyboard;
			sourceTree = "<group>";
		};
/* End PBXVariantGroup section */

/* Begin XCBuildConfiguration section */
		DB3E093C23D20F0800400D6E /* Debug */ = {
			isa = XCBuildConfiguration;
			buildSettings = {
				ALWAYS_SEARCH_USER_PATHS = NO;
				CLANG_ANALYZER_NONNULL = YES;
				CLANG_ANALYZER_NUMBER_OBJECT_CONVERSION = YES_AGGRESSIVE;
				CLANG_CXX_LANGUAGE_STANDARD = "gnu++14";
				CLANG_CXX_LIBRARY = "libc++";
				CLANG_ENABLE_MODULES = YES;
				CLANG_ENABLE_OBJC_ARC = YES;
				CLANG_ENABLE_OBJC_WEAK = YES;
				CLANG_WARN_BLOCK_CAPTURE_AUTORELEASING = YES;
				CLANG_WARN_BOOL_CONVERSION = YES;
				CLANG_WARN_COMMA = YES;
				CLANG_WARN_CONSTANT_CONVERSION = YES;
				CLANG_WARN_DEPRECATED_OBJC_IMPLEMENTATIONS = YES;
				CLANG_WARN_DIRECT_OBJC_ISA_USAGE = YES_ERROR;
				CLANG_WARN_DOCUMENTATION_COMMENTS = YES;
				CLANG_WARN_EMPTY_BODY = YES;
				CLANG_WARN_ENUM_CONVERSION = YES;
				CLANG_WARN_INFINITE_RECURSION = YES;
				CLANG_WARN_INT_CONVERSION = YES;
				CLANG_WARN_NON_LITERAL_NULL_CONVERSION = YES;
				CLANG_WARN_OBJC_IMPLICIT_RETAIN_SELF = YES;
				CLANG_WARN_OBJC_LITERAL_CONVERSION = YES;
				CLANG_WARN_OBJC_ROOT_CLASS = YES_ERROR;
				CLANG_WARN_RANGE_LOOP_ANALYSIS = YES;
				CLANG_WARN_STRICT_PROTOTYPES = YES;
				CLANG_WARN_SUSPICIOUS_MOVE = YES;
				CLANG_WARN_UNGUARDED_AVAILABILITY = YES_AGGRESSIVE;
				CLANG_WARN_UNREACHABLE_CODE = YES;
				CLANG_WARN__DUPLICATE_METHOD_MATCH = YES;
				COPY_PHASE_STRIP = NO;
				DEBUG_INFORMATION_FORMAT = dwarf;
				ENABLE_STRICT_OBJC_MSGSEND = YES;
				ENABLE_TESTABILITY = YES;
				GCC_C_LANGUAGE_STANDARD = gnu11;
				GCC_DYNAMIC_NO_PIC = NO;
				GCC_NO_COMMON_BLOCKS = YES;
				GCC_OPTIMIZATION_LEVEL = 0;
				GCC_PREPROCESSOR_DEFINITIONS = (
					"DEBUG=1",
					"$(inherited)",
				);
				GCC_WARN_64_TO_32_BIT_CONVERSION = YES;
				GCC_WARN_ABOUT_RETURN_TYPE = YES_ERROR;
				GCC_WARN_UNDECLARED_SELECTOR = YES;
				GCC_WARN_UNINITIALIZED_AUTOS = YES_AGGRESSIVE;
				GCC_WARN_UNUSED_FUNCTION = YES;
				GCC_WARN_UNUSED_VARIABLE = YES;
				IPHONEOS_DEPLOYMENT_TARGET = 13.2;
				MTL_ENABLE_DEBUG_INFO = INCLUDE_SOURCE;
				MTL_FAST_MATH = YES;
				ONLY_ACTIVE_ARCH = YES;
				SDKROOT = iphoneos;
				SWIFT_ACTIVE_COMPILATION_CONDITIONS = DEBUG;
				SWIFT_OPTIMIZATION_LEVEL = "-Onone";
			};
			name = Debug;
		};
		DB3E093D23D20F0800400D6E /* Release */ = {
			isa = XCBuildConfiguration;
			buildSettings = {
				ALWAYS_SEARCH_USER_PATHS = NO;
				CLANG_ANALYZER_NONNULL = YES;
				CLANG_ANALYZER_NUMBER_OBJECT_CONVERSION = YES_AGGRESSIVE;
				CLANG_CXX_LANGUAGE_STANDARD = "gnu++14";
				CLANG_CXX_LIBRARY = "libc++";
				CLANG_ENABLE_MODULES = YES;
				CLANG_ENABLE_OBJC_ARC = YES;
				CLANG_ENABLE_OBJC_WEAK = YES;
				CLANG_WARN_BLOCK_CAPTURE_AUTORELEASING = YES;
				CLANG_WARN_BOOL_CONVERSION = YES;
				CLANG_WARN_COMMA = YES;
				CLANG_WARN_CONSTANT_CONVERSION = YES;
				CLANG_WARN_DEPRECATED_OBJC_IMPLEMENTATIONS = YES;
				CLANG_WARN_DIRECT_OBJC_ISA_USAGE = YES_ERROR;
				CLANG_WARN_DOCUMENTATION_COMMENTS = YES;
				CLANG_WARN_EMPTY_BODY = YES;
				CLANG_WARN_ENUM_CONVERSION = YES;
				CLANG_WARN_INFINITE_RECURSION = YES;
				CLANG_WARN_INT_CONVERSION = YES;
				CLANG_WARN_NON_LITERAL_NULL_CONVERSION = YES;
				CLANG_WARN_OBJC_IMPLICIT_RETAIN_SELF = YES;
				CLANG_WARN_OBJC_LITERAL_CONVERSION = YES;
				CLANG_WARN_OBJC_ROOT_CLASS = YES_ERROR;
				CLANG_WARN_RANGE_LOOP_ANALYSIS = YES;
				CLANG_WARN_STRICT_PROTOTYPES = YES;
				CLANG_WARN_SUSPICIOUS_MOVE = YES;
				CLANG_WARN_UNGUARDED_AVAILABILITY = YES_AGGRESSIVE;
				CLANG_WARN_UNREACHABLE_CODE = YES;
				CLANG_WARN__DUPLICATE_METHOD_MATCH = YES;
				COPY_PHASE_STRIP = NO;
				DEBUG_INFORMATION_FORMAT = "dwarf-with-dsym";
				ENABLE_NS_ASSERTIONS = NO;
				ENABLE_STRICT_OBJC_MSGSEND = YES;
				GCC_C_LANGUAGE_STANDARD = gnu11;
				GCC_NO_COMMON_BLOCKS = YES;
				GCC_WARN_64_TO_32_BIT_CONVERSION = YES;
				GCC_WARN_ABOUT_RETURN_TYPE = YES_ERROR;
				GCC_WARN_UNDECLARED_SELECTOR = YES;
				GCC_WARN_UNINITIALIZED_AUTOS = YES_AGGRESSIVE;
				GCC_WARN_UNUSED_FUNCTION = YES;
				GCC_WARN_UNUSED_VARIABLE = YES;
				IPHONEOS_DEPLOYMENT_TARGET = 13.2;
				MTL_ENABLE_DEBUG_INFO = NO;
				MTL_FAST_MATH = YES;
				SDKROOT = iphoneos;
				SWIFT_COMPILATION_MODE = wholemodule;
				SWIFT_OPTIMIZATION_LEVEL = "-O";
				VALIDATE_PRODUCT = YES;
			};
			name = Release;
		};
		DB3E093F23D20F0800400D6E /* Debug */ = {
			isa = XCBuildConfiguration;
			buildSettings = {
				ASSETCATALOG_COMPILER_APPICON_NAME = AppIcon;
				CODE_SIGN_STYLE = Automatic;
				DEVELOPMENT_TEAM = RGKH9LP28R;
				INFOPLIST_FILE = "Scottish Power Tech Test/Info.plist";
				IPHONEOS_DEPLOYMENT_TARGET = 11.0;
				LD_RUNPATH_SEARCH_PATHS = (
					"$(inherited)",
					"@executable_path/Frameworks",
				);
				PRODUCT_BUNDLE_IDENTIFIER = "com.fabeni.Scottish-Power-Tech-Test";
				PRODUCT_NAME = "$(TARGET_NAME)";
				SWIFT_VERSION = 5.0;
				TARGETED_DEVICE_FAMILY = "1,2";
			};
			name = Debug;
		};
		DB3E094023D20F0800400D6E /* Release */ = {
			isa = XCBuildConfiguration;
			buildSettings = {
				ASSETCATALOG_COMPILER_APPICON_NAME = AppIcon;
				CODE_SIGN_STYLE = Automatic;
				DEVELOPMENT_TEAM = RGKH9LP28R;
				INFOPLIST_FILE = "Scottish Power Tech Test/Info.plist";
				IPHONEOS_DEPLOYMENT_TARGET = 11.0;
				LD_RUNPATH_SEARCH_PATHS = (
					"$(inherited)",
					"@executable_path/Frameworks",
				);
				PRODUCT_BUNDLE_IDENTIFIER = "com.fabeni.Scottish-Power-Tech-Test";
				PRODUCT_NAME = "$(TARGET_NAME)";
				SWIFT_VERSION = 5.0;
				TARGETED_DEVICE_FAMILY = "1,2";
			};
			name = Release;
		};
		DB3E096723D251CB00400D6E /* Debug */ = {
			isa = XCBuildConfiguration;
			buildSettings = {
				BUNDLE_LOADER = "$(TEST_HOST)";
				CODE_SIGN_STYLE = Automatic;
				DEVELOPMENT_TEAM = RGKH9LP28R;
				INFOPLIST_FILE = "Scottish Power Tech Test Unit Tests/Info.plist";
				IPHONEOS_DEPLOYMENT_TARGET = 12.4;
				LD_RUNPATH_SEARCH_PATHS = (
					"$(inherited)",
					"@executable_path/Frameworks",
					"@loader_path/Frameworks",
				);
				PRODUCT_BUNDLE_IDENTIFIER = "com.fabeni.Scottish-Power-Tech-Test-Unit-Tests";
				PRODUCT_NAME = "$(TARGET_NAME)";
				SWIFT_VERSION = 5.0;
				TARGETED_DEVICE_FAMILY = "1,2";
				TEST_HOST = "$(BUILT_PRODUCTS_DIR)/Scottish Power Tech Test.app/Scottish Power Tech Test";
			};
			name = Debug;
		};
		DB3E096823D251CB00400D6E /* Release */ = {
			isa = XCBuildConfiguration;
			buildSettings = {
				BUNDLE_LOADER = "$(TEST_HOST)";
				CODE_SIGN_STYLE = Automatic;
				DEVELOPMENT_TEAM = RGKH9LP28R;
				INFOPLIST_FILE = "Scottish Power Tech Test Unit Tests/Info.plist";
				IPHONEOS_DEPLOYMENT_TARGET = 12.4;
				LD_RUNPATH_SEARCH_PATHS = (
					"$(inherited)",
					"@executable_path/Frameworks",
					"@loader_path/Frameworks",
				);
				PRODUCT_BUNDLE_IDENTIFIER = "com.fabeni.Scottish-Power-Tech-Test-Unit-Tests";
				PRODUCT_NAME = "$(TARGET_NAME)";
				SWIFT_VERSION = 5.0;
				TARGETED_DEVICE_FAMILY = "1,2";
				TEST_HOST = "$(BUILT_PRODUCTS_DIR)/Scottish Power Tech Test.app/Scottish Power Tech Test";
			};
			name = Release;
		};
/* End XCBuildConfiguration section */

/* Begin XCConfigurationList section */
		DB3E092523D20F0600400D6E /* Build configuration list for PBXProject "Scottish Power Tech Test" */ = {
			isa = XCConfigurationList;
			buildConfigurations = (
				DB3E093C23D20F0800400D6E /* Debug */,
				DB3E093D23D20F0800400D6E /* Release */,
			);
			defaultConfigurationIsVisible = 0;
			defaultConfigurationName = Release;
		};
		DB3E093E23D20F0800400D6E /* Build configuration list for PBXNativeTarget "Scottish Power Tech Test" */ = {
			isa = XCConfigurationList;
			buildConfigurations = (
				DB3E093F23D20F0800400D6E /* Debug */,
				DB3E094023D20F0800400D6E /* Release */,
			);
			defaultConfigurationIsVisible = 0;
			defaultConfigurationName = Release;
		};
		DB3E096623D251CB00400D6E /* Build configuration list for PBXNativeTarget "Scottish Power Tech Test Unit Tests" */ = {
			isa = XCConfigurationList;
			buildConfigurations = (
				DB3E096723D251CB00400D6E /* Debug */,
				DB3E096823D251CB00400D6E /* Release */,
			);
			defaultConfigurationIsVisible = 0;
			defaultConfigurationName = Release;
		};
/* End XCConfigurationList section */
	};
	rootObject = DB3E092223D20F0600400D6E /* Project object */;
}
